// !$*UTF8*$!
{
	archiveVersion = 1;
	classes = {
	};
	objectVersion = 45;
	objects = {

/* Begin PBXBuildFile section */
		1DDD58160DA1D0A300B32029 /* MainMenu.xib in Resources */ = {isa = PBXBuildFile; fileRef = 1DDD58140DA1D0A300B32029 /* MainMenu.xib */; };
		6F15C55F117B7B5500C6F563 /* bg.png in Resources */ = {isa = PBXBuildFile; fileRef = 6F15C558117B7B5500C6F563 /* bg.png */; };
		6F15C560117B7B5500C6F563 /* engine.css in Resources */ = {isa = PBXBuildFile; fileRef = 6F15C559117B7B5500C6F563 /* engine.css */; };
		6F15C561117B7B5500C6F563 /* engine.js in Sources */ = {isa = PBXBuildFile; fileRef = 6F15C55A117B7B5500C6F563 /* engine.js */; };
		6F15C562117B7B5500C6F563 /* jquery.js in Sources */ = {isa = PBXBuildFile; fileRef = 6F15C55B117B7B5500C6F563 /* jquery.js */; };
		6F15C563117B7B5500C6F563 /* main.html in Resources */ = {isa = PBXBuildFile; fileRef = 6F15C55C117B7B5500C6F563 /* main.html */; };
		6F15C564117B7B5500C6F563 /* raphael.js in Sources */ = {isa = PBXBuildFile; fileRef = 6F15C55D117B7B5500C6F563 /* raphael.js */; };
		6F15C565117B7B5500C6F563 /* raphaelle.js in Sources */ = {isa = PBXBuildFile; fileRef = 6F15C55E117B7B5500C6F563 /* raphaelle.js */; };
		6F15C569117B7B5E00C6F563 /* engine.js in Resources */ = {isa = PBXBuildFile; fileRef = 6F15C55A117B7B5500C6F563 /* engine.js */; };
		6F15C56A117B7B5E00C6F563 /* jquery.js in Resources */ = {isa = PBXBuildFile; fileRef = 6F15C55B117B7B5500C6F563 /* jquery.js */; };
		6F15C56B117B7B5E00C6F563 /* raphael.js in Resources */ = {isa = PBXBuildFile; fileRef = 6F15C55D117B7B5500C6F563 /* raphael.js */; };
		6F15C56C117B7B5E00C6F563 /* raphaelle.js in Resources */ = {isa = PBXBuildFile; fileRef = 6F15C55E117B7B5500C6F563 /* raphaelle.js */; };
		6F910431117F3350000CED6A /* AMSerialPort_Deprecated.m in Sources */ = {isa = PBXBuildFile; fileRef = 6F910426117F3350000CED6A /* AMSerialPort_Deprecated.m */; };
		6F910432117F3350000CED6A /* AMSerialPort.m in Sources */ = {isa = PBXBuildFile; fileRef = 6F910428117F3350000CED6A /* AMSerialPort.m */; };
		6F910433117F3350000CED6A /* AMSerialPortAdditions.m in Sources */ = {isa = PBXBuildFile; fileRef = 6F91042A117F3350000CED6A /* AMSerialPortAdditions.m */; };
		6F910434117F3350000CED6A /* AMSerialPortList_Deprecated.m in Sources */ = {isa = PBXBuildFile; fileRef = 6F91042C117F3350000CED6A /* AMSerialPortList_Deprecated.m */; };
		6F910435117F3350000CED6A /* AMSerialPortList.m in Sources */ = {isa = PBXBuildFile; fileRef = 6F91042E117F3350000CED6A /* AMSerialPortList.m */; };
		6F910436117F3350000CED6A /* AMStandardEnumerator.m in Sources */ = {isa = PBXBuildFile; fileRef = 6F910430117F3350000CED6A /* AMStandardEnumerator.m */; };
		6F910520117F343A000CED6A /* IOKit.framework in Frameworks */ = {isa = PBXBuildFile; fileRef = 6F91051F117F343A000CED6A /* IOKit.framework */; };
		6FB8106C1177427A00E5B634 /* WebKit.framework in Frameworks */ = {isa = PBXBuildFile; fileRef = 6FB8106B1177427A00E5B634 /* WebKit.framework */; };
		6FB8107A1177432300E5B634 /* MainView.m in Sources */ = {isa = PBXBuildFile; fileRef = 6FB810791177432300E5B634 /* MainView.m */; };
		6FB8107D117743FB00E5B634 /* Synergio.m in Sources */ = {isa = PBXBuildFile; fileRef = 6FB8107C117743FB00E5B634 /* Synergio.m */; };
		6FB810CF117746AA00E5B634 /* AppController.m in Sources */ = {isa = PBXBuildFile; fileRef = 6FB810CE117746AA00E5B634 /* AppController.m */; };
		6FCB5E37117F2D0F007847DB /* Serial.m in Sources */ = {isa = PBXBuildFile; fileRef = 6FCB5E36117F2D0F007847DB /* Serial.m */; };
		8D11072B0486CEB800E47090 /* InfoPlist.strings in Resources */ = {isa = PBXBuildFile; fileRef = 089C165CFE840E0CC02AAC07 /* InfoPlist.strings */; };
		8D11072D0486CEB800E47090 /* main.m in Sources */ = {isa = PBXBuildFile; fileRef = 29B97316FDCFA39411CA2CEA /* main.m */; settings = {ATTRIBUTES = (); }; };
		8D11072F0486CEB800E47090 /* Cocoa.framework in Frameworks */ = {isa = PBXBuildFile; fileRef = 1058C7A1FEA54F0111CA2CBB /* Cocoa.framework */; };
/* End PBXBuildFile section */

/* Begin PBXFileReference section */
		089C165DFE840E0CC02AAC07 /* English */ = {isa = PBXFileReference; fileEncoding = 4; lastKnownFileType = text.plist.strings; name = English; path = English.lproj/InfoPlist.strings; sourceTree = "<group>"; };
		1058C7A1FEA54F0111CA2CBB /* Cocoa.framework */ = {isa = PBXFileReference; lastKnownFileType = wrapper.framework; name = Cocoa.framework; path = /System/Library/Frameworks/Cocoa.framework; sourceTree = "<absolute>"; };
		13E42FB307B3F0F600E4EEF1 /* CoreData.framework */ = {isa = PBXFileReference; lastKnownFileType = wrapper.framework; name = CoreData.framework; path = /System/Library/Frameworks/CoreData.framework; sourceTree = "<absolute>"; };
		1DDD58150DA1D0A300B32029 /* English */ = {isa = PBXFileReference; lastKnownFileType = file.xib; name = English; path = English.lproj/MainMenu.xib; sourceTree = "<group>"; };
		256AC3F00F4B6AF500CF3369 /* synergio_Prefix.pch */ = {isa = PBXFileReference; fileEncoding = 4; lastKnownFileType = sourcecode.c.h; path = synergio_Prefix.pch; sourceTree = "<group>"; };
		29B97316FDCFA39411CA2CEA /* main.m */ = {isa = PBXFileReference; fileEncoding = 4; lastKnownFileType = sourcecode.c.objc; path = main.m; sourceTree = "<group>"; };
		29B97324FDCFA39411CA2CEA /* AppKit.framework */ = {isa = PBXFileReference; lastKnownFileType = wrapper.framework; name = AppKit.framework; path = /System/Library/Frameworks/AppKit.framework; sourceTree = "<absolute>"; };
		29B97325FDCFA39411CA2CEA /* Foundation.framework */ = {isa = PBXFileReference; lastKnownFileType = wrapper.framework; name = Foundation.framework; path = /System/Library/Frameworks/Foundation.framework; sourceTree = "<absolute>"; };
		6F15C558117B7B5500C6F563 /* bg.png */ = {isa = PBXFileReference; lastKnownFileType = image.png; name = bg.png; path = resources/bg.png; sourceTree = "<group>"; };
		6F15C559117B7B5500C6F563 /* engine.css */ = {isa = PBXFileReference; fileEncoding = 4; lastKnownFileType = text.css; name = engine.css; path = resources/engine.css; sourceTree = "<group>"; };
		6F15C55A117B7B5500C6F563 /* engine.js */ = {isa = PBXFileReference; fileEncoding = 4; lastKnownFileType = sourcecode.javascript; name = engine.js; path = resources/engine.js; sourceTree = "<group>"; };
		6F15C55B117B7B5500C6F563 /* jquery.js */ = {isa = PBXFileReference; fileEncoding = 4; lastKnownFileType = sourcecode.javascript; name = jquery.js; path = resources/jquery.js; sourceTree = "<group>"; };
		6F15C55C117B7B5500C6F563 /* main.html */ = {isa = PBXFileReference; fileEncoding = 4; lastKnownFileType = text.html; name = main.html; path = resources/main.html; sourceTree = "<group>"; };
		6F15C55D117B7B5500C6F563 /* raphael.js */ = {isa = PBXFileReference; fileEncoding = 4; lastKnownFileType = sourcecode.javascript; name = raphael.js; path = resources/raphael.js; sourceTree = "<group>"; };
		6F15C55E117B7B5500C6F563 /* raphaelle.js */ = {isa = PBXFileReference; fileEncoding = 4; lastKnownFileType = sourcecode.javascript; name = raphaelle.js; path = resources/raphaelle.js; sourceTree = "<group>"; };
		6F910423117F3350000CED6A /* AMSDKCompatibility.h */ = {isa = PBXFileReference; fileEncoding = 4; lastKnownFileType = sourcecode.c.h; path = AMSDKCompatibility.h; sourceTree = "<group>"; };
		6F910424117F3350000CED6A /* AMSerialErrors.h */ = {isa = PBXFileReference; fileEncoding = 4; lastKnownFileType = sourcecode.c.h; path = AMSerialErrors.h; sourceTree = "<group>"; };
		6F910425117F3350000CED6A /* AMSerialPort_Deprecated.h */ = {isa = PBXFileReference; fileEncoding = 4; lastKnownFileType = sourcecode.c.h; path = AMSerialPort_Deprecated.h; sourceTree = "<group>"; };
		6F910426117F3350000CED6A /* AMSerialPort_Deprecated.m */ = {isa = PBXFileReference; fileEncoding = 4; lastKnownFileType = sourcecode.c.objc; path = AMSerialPort_Deprecated.m; sourceTree = "<group>"; };
		6F910427117F3350000CED6A /* AMSerialPort.h */ = {isa = PBXFileReference; fileEncoding = 4; lastKnownFileType = sourcecode.c.h; path = AMSerialPort.h; sourceTree = "<group>"; };
		6F910428117F3350000CED6A /* AMSerialPort.m */ = {isa = PBXFileReference; fileEncoding = 4; lastKnownFileType = sourcecode.c.objc; path = AMSerialPort.m; sourceTree = "<group>"; };
		6F910429117F3350000CED6A /* AMSerialPortAdditions.h */ = {isa = PBXFileReference; fileEncoding = 4; lastKnownFileType = sourcecode.c.h; path = AMSerialPortAdditions.h; sourceTree = "<group>"; };
		6F91042A117F3350000CED6A /* AMSerialPortAdditions.m */ = {isa = PBXFileReference; fileEncoding = 4; lastKnownFileType = sourcecode.c.objc; path = AMSerialPortAdditions.m; sourceTree = "<group>"; };
		6F91042B117F3350000CED6A /* AMSerialPortList_Deprecated.h */ = {isa = PBXFileReference; fileEncoding = 4; lastKnownFileType = sourcecode.c.h; path = AMSerialPortList_Deprecated.h; sourceTree = "<group>"; };
		6F91042C117F3350000CED6A /* AMSerialPortList_Deprecated.m */ = {isa = PBXFileReference; fileEncoding = 4; lastKnownFileType = sourcecode.c.objc; path = AMSerialPortList_Deprecated.m; sourceTree = "<group>"; };
		6F91042D117F3350000CED6A /* AMSerialPortList.h */ = {isa = PBXFileReference; fileEncoding = 4; lastKnownFileType = sourcecode.c.h; path = AMSerialPortList.h; sourceTree = "<group>"; };
		6F91042E117F3350000CED6A /* AMSerialPortList.m */ = {isa = PBXFileReference; fileEncoding = 4; lastKnownFileType = sourcecode.c.objc; path = AMSerialPortList.m; sourceTree = "<group>"; };
		6F91042F117F3350000CED6A /* AMStandardEnumerator.h */ = {isa = PBXFileReference; fileEncoding = 4; lastKnownFileType = sourcecode.c.h; path = AMStandardEnumerator.h; sourceTree = "<group>"; };
		6F910430117F3350000CED6A /* AMStandardEnumerator.m */ = {isa = PBXFileReference; fileEncoding = 4; lastKnownFileType = sourcecode.c.objc; path = AMStandardEnumerator.m; sourceTree = "<group>"; };
		6F91051F117F343A000CED6A /* IOKit.framework */ = {isa = PBXFileReference; lastKnownFileType = wrapper.framework; name = IOKit.framework; path = System/Library/Frameworks/IOKit.framework; sourceTree = SDKROOT; };
		6FB8106B1177427A00E5B634 /* WebKit.framework */ = {isa = PBXFileReference; lastKnownFileType = wrapper.framework; name = WebKit.framework; path = System/Library/Frameworks/WebKit.framework; sourceTree = SDKROOT; };
		6FB810781177432300E5B634 /* MainView.h */ = {isa = PBXFileReference; fileEncoding = 4; lastKnownFileType = sourcecode.c.h; path = MainView.h; sourceTree = "<group>"; };
		6FB810791177432300E5B634 /* MainView.m */ = {isa = PBXFileReference; fileEncoding = 4; lastKnownFileType = sourcecode.c.objc; path = MainView.m; sourceTree = "<group>"; };
		6FB8107B117743FB00E5B634 /* Synergio.h */ = {isa = PBXFileReference; fileEncoding = 4; lastKnownFileType = sourcecode.c.h; path = Synergio.h; sourceTree = "<group>"; };
		6FB8107C117743FB00E5B634 /* Synergio.m */ = {isa = PBXFileReference; fileEncoding = 4; lastKnownFileType = sourcecode.c.objc; path = Synergio.m; sourceTree = "<group>"; };
		6FB810CD117746AA00E5B634 /* AppController.h */ = {isa = PBXFileReference; fileEncoding = 4; lastKnownFileType = sourcecode.c.h; path = AppController.h; sourceTree = "<group>"; };
		6FB810CE117746AA00E5B634 /* AppController.m */ = {isa = PBXFileReference; fileEncoding = 4; lastKnownFileType = sourcecode.c.objc; path = AppController.m; sourceTree = "<group>"; };
		6FCB5E35117F2D0F007847DB /* Serial.h */ = {isa = PBXFileReference; fileEncoding = 4; lastKnownFileType = sourcecode.c.h; path = Serial.h; sourceTree = "<group>"; };
		6FCB5E36117F2D0F007847DB /* Serial.m */ = {isa = PBXFileReference; fileEncoding = 4; lastKnownFileType = sourcecode.c.objc; path = Serial.m; sourceTree = "<group>"; };
		8D1107310486CEB800E47090 /* synergio-Info.plist */ = {isa = PBXFileReference; fileEncoding = 4; lastKnownFileType = text.plist.xml; path = "synergio-Info.plist"; sourceTree = "<group>"; };
		8D1107320486CEB800E47090 /* synergio.app */ = {isa = PBXFileReference; explicitFileType = wrapper.application; includeInIndex = 0; path = synergio.app; sourceTree = BUILT_PRODUCTS_DIR; };
/* End PBXFileReference section */

/* Begin PBXFrameworksBuildPhase section */
		8D11072E0486CEB800E47090 /* Frameworks */ = {
			isa = PBXFrameworksBuildPhase;
			buildActionMask = 2147483647;
			files = (
				8D11072F0486CEB800E47090 /* Cocoa.framework in Frameworks */,
				6FB8106C1177427A00E5B634 /* WebKit.framework in Frameworks */,
				6F910520117F343A000CED6A /* IOKit.framework in Frameworks */,
			);
			runOnlyForDeploymentPostprocessing = 0;
		};
/* End PBXFrameworksBuildPhase section */

/* Begin PBXGroup section */
		080E96DDFE201D6D7F000001 /* Classes */ = {
			isa = PBXGroup;
			children = (
				6F910559117F348B000CED6A /* AMSerialPort */,
				6FB810CD117746AA00E5B634 /* AppController.h */,
				6FB810CE117746AA00E5B634 /* AppController.m */,
				6FB810781177432300E5B634 /* MainView.h */,
				6FB810791177432300E5B634 /* MainView.m */,
				6FB8107B117743FB00E5B634 /* Synergio.h */,
				6FB8107C117743FB00E5B634 /* Synergio.m */,
				6FCB5E35117F2D0F007847DB /* Serial.h */,
				6FCB5E36117F2D0F007847DB /* Serial.m */,
			);
			name = Classes;
			sourceTree = "<group>";
		};
		1058C7A0FEA54F0111CA2CBB /* Linked Frameworks */ = {
			isa = PBXGroup;
			children = (
				6FB8106B1177427A00E5B634 /* WebKit.framework */,
				1058C7A1FEA54F0111CA2CBB /* Cocoa.framework */,
				6F91051F117F343A000CED6A /* IOKit.framework */,
			);
			name = "Linked Frameworks";
			sourceTree = "<group>";
		};
		1058C7A2FEA54F0111CA2CBB /* Other Frameworks */ = {
			isa = PBXGroup;
			children = (
				29B97324FDCFA39411CA2CEA /* AppKit.framework */,
				13E42FB307B3F0F600E4EEF1 /* CoreData.framework */,
				29B97325FDCFA39411CA2CEA /* Foundation.framework */,
			);
			name = "Other Frameworks";
			sourceTree = "<group>";
		};
		19C28FACFE9D520D11CA2CBB /* Products */ = {
			isa = PBXGroup;
			children = (
				8D1107320486CEB800E47090 /* synergio.app */,
			);
			name = Products;
			sourceTree = "<group>";
		};
		29B97314FDCFA39411CA2CEA /* synergio */ = {
			isa = PBXGroup;
			children = (
				080E96DDFE201D6D7F000001 /* Classes */,
				29B97317FDCFA39411CA2CEA /* Resources */,
				29B97315FDCFA39411CA2CEA /* Other Sources */,
				29B97323FDCFA39411CA2CEA /* Frameworks */,
				19C28FACFE9D520D11CA2CBB /* Products */,
			);
			name = synergio;
			sourceTree = "<group>";
		};
		29B97315FDCFA39411CA2CEA /* Other Sources */ = {
			isa = PBXGroup;
			children = (
				256AC3F00F4B6AF500CF3369 /* synergio_Prefix.pch */,
				29B97316FDCFA39411CA2CEA /* main.m */,
			);
			name = "Other Sources";
			sourceTree = "<group>";
		};
		29B97317FDCFA39411CA2CEA /* Resources */ = {
			isa = PBXGroup;
			children = (
				6F15C558117B7B5500C6F563 /* bg.png */,
				6F15C559117B7B5500C6F563 /* engine.css */,
				6F15C55A117B7B5500C6F563 /* engine.js */,
				6F15C55B117B7B5500C6F563 /* jquery.js */,
				6F15C55C117B7B5500C6F563 /* main.html */,
				6F15C55D117B7B5500C6F563 /* raphael.js */,
				6F15C55E117B7B5500C6F563 /* raphaelle.js */,
				8D1107310486CEB800E47090 /* synergio-Info.plist */,
				089C165CFE840E0CC02AAC07 /* InfoPlist.strings */,
				1DDD58140DA1D0A300B32029 /* MainMenu.xib */,
			);
			name = Resources;
			sourceTree = "<group>";
		};
		29B97323FDCFA39411CA2CEA /* Frameworks */ = {
			isa = PBXGroup;
			children = (
				1058C7A0FEA54F0111CA2CBB /* Linked Frameworks */,
				1058C7A2FEA54F0111CA2CBB /* Other Frameworks */,
			);
			name = Frameworks;
			sourceTree = "<group>";
		};
		6F910559117F348B000CED6A /* AMSerialPort */ = {
			isa = PBXGroup;
			children = (
				6F910423117F3350000CED6A /* AMSDKCompatibility.h */,
				6F910424117F3350000CED6A /* AMSerialErrors.h */,
				6F910425117F3350000CED6A /* AMSerialPort_Deprecated.h */,
				6F910426117F3350000CED6A /* AMSerialPort_Deprecated.m */,
				6F910427117F3350000CED6A /* AMSerialPort.h */,
				6F910428117F3350000CED6A /* AMSerialPort.m */,
				6F910429117F3350000CED6A /* AMSerialPortAdditions.h */,
				6F91042A117F3350000CED6A /* AMSerialPortAdditions.m */,
				6F91042B117F3350000CED6A /* AMSerialPortList_Deprecated.h */,
				6F91042C117F3350000CED6A /* AMSerialPortList_Deprecated.m */,
				6F91042D117F3350000CED6A /* AMSerialPortList.h */,
				6F91042E117F3350000CED6A /* AMSerialPortList.m */,
				6F91042F117F3350000CED6A /* AMStandardEnumerator.h */,
				6F910430117F3350000CED6A /* AMStandardEnumerator.m */,
			);
			name = AMSerialPort;
			sourceTree = "<group>";
		};
/* End PBXGroup section */

/* Begin PBXNativeTarget section */
		8D1107260486CEB800E47090 /* synergio */ = {
			isa = PBXNativeTarget;
			buildConfigurationList = C01FCF4A08A954540054247B /* Build configuration list for PBXNativeTarget "synergio" */;
			buildPhases = (
				8D1107290486CEB800E47090 /* Resources */,
				8D11072C0486CEB800E47090 /* Sources */,
				8D11072E0486CEB800E47090 /* Frameworks */,
			);
			buildRules = (
			);
			dependencies = (
			);
			name = synergio;
			productInstallPath = "$(HOME)/Applications";
			productName = synergio;
			productReference = 8D1107320486CEB800E47090 /* synergio.app */;
			productType = "com.apple.product-type.application";
		};
/* End PBXNativeTarget section */

/* Begin PBXProject section */
		29B97313FDCFA39411CA2CEA /* Project object */ = {
			isa = PBXProject;
			buildConfigurationList = C01FCF4E08A954540054247B /* Build configuration list for PBXProject "synergio" */;
			compatibilityVersion = "Xcode 3.1";
			hasScannedForEncodings = 1;
			mainGroup = 29B97314FDCFA39411CA2CEA /* synergio */;
			projectDirPath = "";
			projectRoot = "";
			targets = (
				8D1107260486CEB800E47090 /* synergio */,
			);
		};
/* End PBXProject section */

/* Begin PBXResourcesBuildPhase section */
		8D1107290486CEB800E47090 /* Resources */ = {
			isa = PBXResourcesBuildPhase;
			buildActionMask = 2147483647;
			files = (
				6F15C569117B7B5E00C6F563 /* engine.js in Resources */,
				6F15C56A117B7B5E00C6F563 /* jquery.js in Resources */,
				6F15C56B117B7B5E00C6F563 /* raphael.js in Resources */,
				6F15C56C117B7B5E00C6F563 /* raphaelle.js in Resources */,
				8D11072B0486CEB800E47090 /* InfoPlist.strings in Resources */,
				1DDD58160DA1D0A300B32029 /* MainMenu.xib in Resources */,
				6F15C55F117B7B5500C6F563 /* bg.png in Resources */,
				6F15C560117B7B5500C6F563 /* engine.css in Resources */,
				6F15C563117B7B5500C6F563 /* main.html in Resources */,
			);
			runOnlyForDeploymentPostprocessing = 0;
		};
/* End PBXResourcesBuildPhase section */

/* Begin PBXSourcesBuildPhase section */
		8D11072C0486CEB800E47090 /* Sources */ = {
			isa = PBXSourcesBuildPhase;
			buildActionMask = 2147483647;
			files = (
				8D11072D0486CEB800E47090 /* main.m in Sources */,
				6FB810CF117746AA00E5B634 /* AppController.m in Sources */,
				6FB8107A1177432300E5B634 /* MainView.m in Sources */,
				6FB8107D117743FB00E5B634 /* Synergio.m in Sources */,
				6F15C561117B7B5500C6F563 /* engine.js in Sources */,
				6F15C562117B7B5500C6F563 /* jquery.js in Sources */,
				6F15C564117B7B5500C6F563 /* raphael.js in Sources */,
				6F15C565117B7B5500C6F563 /* raphaelle.js in Sources */,
				6FCB5E37117F2D0F007847DB /* Serial.m in Sources */,
				6F910431117F3350000CED6A /* AMSerialPort_Deprecated.m in Sources */,
				6F910432117F3350000CED6A /* AMSerialPort.m in Sources */,
				6F910433117F3350000CED6A /* AMSerialPortAdditions.m in Sources */,
				6F910434117F3350000CED6A /* AMSerialPortList_Deprecated.m in Sources */,
				6F910435117F3350000CED6A /* AMSerialPortList.m in Sources */,
				6F910436117F3350000CED6A /* AMStandardEnumerator.m in Sources */,
			);
			runOnlyForDeploymentPostprocessing = 0;
		};
/* End PBXSourcesBuildPhase section */

/* Begin PBXVariantGroup section */
		089C165CFE840E0CC02AAC07 /* InfoPlist.strings */ = {
			isa = PBXVariantGroup;
			children = (
				089C165DFE840E0CC02AAC07 /* English */,
			);
			name = InfoPlist.strings;
			sourceTree = "<group>";
		};
		1DDD58140DA1D0A300B32029 /* MainMenu.xib */ = {
			isa = PBXVariantGroup;
			children = (
				1DDD58150DA1D0A300B32029 /* English */,
			);
			name = MainMenu.xib;
			sourceTree = "<group>";
		};
/* End PBXVariantGroup section */

/* Begin XCBuildConfiguration section */
		C01FCF4B08A954540054247B /* Debug */ = {
			isa = XCBuildConfiguration;
			buildSettings = {
				ALWAYS_SEARCH_USER_PATHS = NO;
				COPY_PHASE_STRIP = NO;
				GCC_DYNAMIC_NO_PIC = NO;
				GCC_ENABLE_FIX_AND_CONTINUE = YES;
				GCC_MODEL_TUNING = G5;
				GCC_OPTIMIZATION_LEVEL = 0;
				GCC_PRECOMPILE_PREFIX_HEADER = YES;
				GCC_PREFIX_HEADER = synergio_Prefix.pch;
				INFOPLIST_FILE = "synergio-Info.plist";
				INSTALL_PATH = "$(HOME)/Applications";
				PRODUCT_NAME = synergio;
			};
			name = Debug;
		};
		C01FCF4C08A954540054247B /* Release */ = {
			isa = XCBuildConfiguration;
			buildSettings = {
				ALWAYS_SEARCH_USER_PATHS = NO;
				DEBUG_INFORMATION_FORMAT = "dwarf-with-dsym";
				GCC_MODEL_TUNING = G5;
				GCC_PRECOMPILE_PREFIX_HEADER = YES;
				GCC_PREFIX_HEADER = synergio_Prefix.pch;
				INFOPLIST_FILE = "synergio-Info.plist";
				INSTALL_PATH = "$(HOME)/Applications";
				PRODUCT_NAME = synergio;
			};
			name = Release;
		};
		C01FCF4F08A954540054247B /* Debug */ = {
			isa = XCBuildConfiguration;
			buildSettings = {
				ARCHS = "$(ARCHS_STANDARD_32_64_BIT)";
				GCC_C_LANGUAGE_STANDARD = gnu99;
				GCC_OPTIMIZATION_LEVEL = 0;
				GCC_WARN_ABOUT_RETURN_TYPE = YES;
				GCC_WARN_UNUSED_VARIABLE = YES;
				ONLY_ACTIVE_ARCH = YES;
				PREBINDING = NO;
				SDKROOT = macosx10.6;
			};
			name = Debug;
		};
		C01FCF5008A954540054247B /* Release */ = {
			isa = XCBuildConfiguration;
			buildSettings = {
				ARCHS = "$(ARCHS_STANDARD_32_64_BIT)";
				GCC_C_LANGUAGE_STANDARD = gnu99;
				GCC_WARN_ABOUT_RETURN_TYPE = YES;
				GCC_WARN_UNUSED_VARIABLE = YES;
				PREBINDING = NO;
				SDKROOT = macosx10.6;
			};
			name = Release;
		};
/* End XCBuildConfiguration section */

/* Begin XCConfigurationList section */
		C01FCF4A08A954540054247B /* Build configuration list for PBXNativeTarget "synergio" */ = {
			isa = XCConfigurationList;
			buildConfigurations = (
				C01FCF4B08A954540054247B /* Debug */,
				C01FCF4C08A954540054247B /* Release */,
			);
			defaultConfigurationIsVisible = 0;
			defaultConfigurationName = Release;
		};
		C01FCF4E08A954540054247B /* Build configuration list for PBXProject "synergio" */ = {
			isa = XCConfigurationList;
			buildConfigurations = (
				C01FCF4F08A954540054247B /* Debug */,
				C01FCF5008A954540054247B /* Release */,
			);
			defaultConfigurationIsVisible = 0;
			defaultConfigurationName = Release;
		};
/* End XCConfigurationList section */
	};
	rootObject = 29B97313FDCFA39411CA2CEA /* Project object */;
}
